// !$*UTF8*$!
{
	archiveVersion = 1;
	classes = {
	};
	objectVersion = 50;
	objects = {

/* Begin PBXBuildFile section */
		D05B10AE2258C28D00D6988B /* AppDelegate.swift in Sources */ = {isa = PBXBuildFile; fileRef = D05B10AD2258C28D00D6988B /* AppDelegate.swift */; };
		D05B10B02258C28D00D6988B /* Assets.xcassets in Resources */ = {isa = PBXBuildFile; fileRef = D05B10AF2258C28D00D6988B /* Assets.xcassets */; };
		D05B10B32258C28D00D6988B /* MainMenu.xib in Resources */ = {isa = PBXBuildFile; fileRef = D05B10B12258C28D00D6988B /* MainMenu.xib */; };
		D05B10BC2258C35400D6988B /* VLCKit.framework in Frameworks */ = {isa = PBXBuildFile; fileRef = D05B10BB2258C35400D6988B /* VLCKit.framework */; };
		D05B10BD2258C35400D6988B /* VLCKit.framework in Embed Frameworks */ = {isa = PBXBuildFile; fileRef = D05B10BB2258C35400D6988B /* VLCKit.framework */; settings = {ATTRIBUTES = (CodeSignOnCopy, RemoveHeadersOnCopy, ); }; };
		D05B10C12258D79000D6988B /* MirakurunAPI.swift in Sources */ = {isa = PBXBuildFile; fileRef = D05B10BF2258D1D100D6988B /* MirakurunAPI.swift */; };
		D05B10C32258EC0500D6988B /* AppConfig.swift in Sources */ = {isa = PBXBuildFile; fileRef = D05B10C22258EC0500D6988B /* AppConfig.swift */; };
/* End PBXBuildFile section */

/* Begin PBXCopyFilesBuildPhase section */
		D05B10BE2258C35400D6988B /* Embed Frameworks */ = {
			isa = PBXCopyFilesBuildPhase;
			buildActionMask = 2147483647;
			dstPath = "";
			dstSubfolderSpec = 10;
			files = (
				D05B10BD2258C35400D6988B /* VLCKit.framework in Embed Frameworks */,
			);
			name = "Embed Frameworks";
			runOnlyForDeploymentPostprocessing = 0;
		};
/* End PBXCopyFilesBuildPhase section */

/* Begin PBXFileReference section */
		D05B10AA2258C28D00D6988B /* Meruru.app */ = {isa = PBXFileReference; explicitFileType = wrapper.application; includeInIndex = 0; path = Meruru.app; sourceTree = BUILT_PRODUCTS_DIR; };
		D05B10AD2258C28D00D6988B /* AppDelegate.swift */ = {isa = PBXFileReference; lastKnownFileType = sourcecode.swift; path = AppDelegate.swift; sourceTree = "<group>"; };
		D05B10AF2258C28D00D6988B /* Assets.xcassets */ = {isa = PBXFileReference; lastKnownFileType = folder.assetcatalog; path = Assets.xcassets; sourceTree = "<group>"; };
		D05B10B22258C28D00D6988B /* Base */ = {isa = PBXFileReference; lastKnownFileType = file.xib; name = Base; path = Base.lproj/MainMenu.xib; sourceTree = "<group>"; };
		D05B10B42258C28D00D6988B /* Info.plist */ = {isa = PBXFileReference; lastKnownFileType = text.plist.xml; path = Info.plist; sourceTree = "<group>"; };
		D05B10B52258C28D00D6988B /* Meruru.entitlements */ = {isa = PBXFileReference; lastKnownFileType = text.plist.entitlements; path = Meruru.entitlements; sourceTree = "<group>"; };
		D05B10BB2258C35400D6988B /* VLCKit.framework */ = {isa = PBXFileReference; lastKnownFileType = wrapper.framework; name = VLCKit.framework; path = Carthage/Build/Mac/VLCKit.framework; sourceTree = "<group>"; };
		D05B10BF2258D1D100D6988B /* MirakurunAPI.swift */ = {isa = PBXFileReference; lastKnownFileType = sourcecode.swift; path = MirakurunAPI.swift; sourceTree = "<group>"; };
		D05B10C22258EC0500D6988B /* AppConfig.swift */ = {isa = PBXFileReference; lastKnownFileType = sourcecode.swift; path = AppConfig.swift; sourceTree = "<group>"; };
/* End PBXFileReference section */

/* Begin PBXFrameworksBuildPhase section */
		D05B10A72258C28D00D6988B /* Frameworks */ = {
			isa = PBXFrameworksBuildPhase;
			buildActionMask = 2147483647;
			files = (
				D05B10BC2258C35400D6988B /* VLCKit.framework in Frameworks */,
			);
			runOnlyForDeploymentPostprocessing = 0;
		};
/* End PBXFrameworksBuildPhase section */

/* Begin PBXGroup section */
		D05B10A12258C28C00D6988B = {
			isa = PBXGroup;
			children = (
				D05B10BB2258C35400D6988B /* VLCKit.framework */,
				D05B10AC2258C28D00D6988B /* Meruru */,
				D05B10AB2258C28D00D6988B /* Products */,
			);
			sourceTree = "<group>";
		};
		D05B10AB2258C28D00D6988B /* Products */ = {
			isa = PBXGroup;
			children = (
				D05B10AA2258C28D00D6988B /* Meruru.app */,
			);
			name = Products;
			sourceTree = "<group>";
		};
		D05B10AC2258C28D00D6988B /* Meruru */ = {
			isa = PBXGroup;
			children = (
				D05B10AD2258C28D00D6988B /* AppDelegate.swift */,
				D05B10AF2258C28D00D6988B /* Assets.xcassets */,
				D05B10B12258C28D00D6988B /* MainMenu.xib */,
				D05B10B42258C28D00D6988B /* Info.plist */,
				D05B10B52258C28D00D6988B /* Meruru.entitlements */,
				D05B10BF2258D1D100D6988B /* MirakurunAPI.swift */,
				D05B10C22258EC0500D6988B /* AppConfig.swift */,
			);
			path = Meruru;
			sourceTree = "<group>";
		};
/* End PBXGroup section */

/* Begin PBXNativeTarget section */
		D05B10A92258C28D00D6988B /* Meruru */ = {
			isa = PBXNativeTarget;
			buildConfigurationList = D05B10B82258C28D00D6988B /* Build configuration list for PBXNativeTarget "Meruru" */;
			buildPhases = (
				D05B10A62258C28D00D6988B /* Sources */,
				D05B10A72258C28D00D6988B /* Frameworks */,
				D05B10A82258C28D00D6988B /* Resources */,
				D05B10BE2258C35400D6988B /* Embed Frameworks */,
			);
			buildRules = (
			);
			dependencies = (
			);
			name = Meruru;
			productName = Meruru;
			productReference = D05B10AA2258C28D00D6988B /* Meruru.app */;
			productType = "com.apple.product-type.application";
		};
/* End PBXNativeTarget section */

/* Begin PBXProject section */
		D05B10A22258C28C00D6988B /* Project object */ = {
			isa = PBXProject;
			attributes = {
				LastSwiftUpdateCheck = 1020;
				LastUpgradeCheck = 1020;
				ORGANIZATIONNAME = castaneai;
				TargetAttributes = {
					D05B10A92258C28D00D6988B = {
						CreatedOnToolsVersion = 10.2;
						SystemCapabilities = {
							com.apple.Sandbox = {
								enabled = 0;
							};
						};
					};
				};
			};
			buildConfigurationList = D05B10A52258C28C00D6988B /* Build configuration list for PBXProject "Meruru" */;
			compatibilityVersion = "Xcode 9.3";
			developmentRegion = en;
			hasScannedForEncodings = 0;
			knownRegions = (
				en,
				Base,
			);
			mainGroup = D05B10A12258C28C00D6988B;
			productRefGroup = D05B10AB2258C28D00D6988B /* Products */;
			projectDirPath = "";
			projectRoot = "";
			targets = (
				D05B10A92258C28D00D6988B /* Meruru */,
			);
		};
/* End PBXProject section */

/* Begin PBXResourcesBuildPhase section */
		D05B10A82258C28D00D6988B /* Resources */ = {
			isa = PBXResourcesBuildPhase;
			buildActionMask = 2147483647;
			files = (
				D05B10B02258C28D00D6988B /* Assets.xcassets in Resources */,
				D05B10B32258C28D00D6988B /* MainMenu.xib in Resources */,
			);
			runOnlyForDeploymentPostprocessing = 0;
		};
/* End PBXResourcesBuildPhase section */

/* Begin PBXSourcesBuildPhase section */
		D05B10A62258C28D00D6988B /* Sources */ = {
			isa = PBXSourcesBuildPhase;
			buildActionMask = 2147483647;
			files = (
				D05B10C32258EC0500D6988B /* AppConfig.swift in Sources */,
				D05B10C12258D79000D6988B /* MirakurunAPI.swift in Sources */,
				D05B10AE2258C28D00D6988B /* AppDelegate.swift in Sources */,
			);
			runOnlyForDeploymentPostprocessing = 0;
		};
/* End PBXSourcesBuildPhase section */

/* Begin PBXVariantGroup section */
		D05B10B12258C28D00D6988B /* MainMenu.xib */ = {
			isa = PBXVariantGroup;
			children = (
				D05B10B22258C28D00D6988B /* Base */,
			);
			name = MainMenu.xib;
			sourceTree = "<group>";
		};
/* End PBXVariantGroup section */

/* Begin XCBuildConfiguration section */
		D05B10B62258C28D00D6988B /* Debug */ = {
			isa = XCBuildConfiguration;
			buildSettings = {
				ALWAYS_SEARCH_USER_PATHS = NO;
				CLANG_ANALYZER_NONNULL = YES;
				CLANG_ANALYZER_NUMBER_OBJECT_CONVERSION = YES_AGGRESSIVE;
				CLANG_CXX_LANGUAGE_STANDARD = "gnu++14";
				CLANG_CXX_LIBRARY = "libc++";
				CLANG_ENABLE_MODULES = YES;
				CLANG_ENABLE_OBJC_ARC = YES;
				CLANG_ENABLE_OBJC_WEAK = YES;
				CLANG_WARN_BLOCK_CAPTURE_AUTORELEASING = YES;
				CLANG_WARN_BOOL_CONVERSION = YES;
				CLANG_WARN_COMMA = YES;
				CLANG_WARN_CONSTANT_CONVERSION = YES;
				CLANG_WARN_DEPRECATED_OBJC_IMPLEMENTATIONS = YES;
				CLANG_WARN_DIRECT_OBJC_ISA_USAGE = YES_ERROR;
				CLANG_WARN_DOCUMENTATION_COMMENTS = YES;
				CLANG_WARN_EMPTY_BODY = YES;
				CLANG_WARN_ENUM_CONVERSION = YES;
				CLANG_WARN_INFINITE_RECURSION = YES;
				CLANG_WARN_INT_CONVERSION = YES;
				CLANG_WARN_NON_LITERAL_NULL_CONVERSION = YES;
				CLANG_WARN_OBJC_IMPLICIT_RETAIN_SELF = YES;
				CLANG_WARN_OBJC_LITERAL_CONVERSION = YES;
				CLANG_WARN_OBJC_ROOT_CLASS = YES_ERROR;
				CLANG_WARN_RANGE_LOOP_ANALYSIS = YES;
				CLANG_WARN_STRICT_PROTOTYPES = YES;
				CLANG_WARN_SUSPICIOUS_MOVE = YES;
				CLANG_WARN_UNGUARDED_AVAILABILITY = YES_AGGRESSIVE;
				CLANG_WARN_UNREACHABLE_CODE = YES;
				CLANG_WARN__DUPLICATE_METHOD_MATCH = YES;
				CODE_SIGN_IDENTITY = "-";
				COPY_PHASE_STRIP = NO;
				DEBUG_INFORMATION_FORMAT = dwarf;
				ENABLE_STRICT_OBJC_MSGSEND = YES;
				ENABLE_TESTABILITY = YES;
				GCC_C_LANGUAGE_STANDARD = gnu11;
				GCC_DYNAMIC_NO_PIC = NO;
				GCC_NO_COMMON_BLOCKS = YES;
				GCC_OPTIMIZATION_LEVEL = 0;
				GCC_PREPROCESSOR_DEFINITIONS = (
					"DEBUG=1",
					"$(inherited)",
				);
				GCC_WARN_64_TO_32_BIT_CONVERSION = YES;
				GCC_WARN_ABOUT_RETURN_TYPE = YES_ERROR;
				GCC_WARN_UNDECLARED_SELECTOR = YES;
				GCC_WARN_UNINITIALIZED_AUTOS = YES_AGGRESSIVE;
				GCC_WARN_UNUSED_FUNCTION = YES;
				GCC_WARN_UNUSED_VARIABLE = YES;
				MACOSX_DEPLOYMENT_TARGET = 10.14;
				MTL_ENABLE_DEBUG_INFO = INCLUDE_SOURCE;
				MTL_FAST_MATH = YES;
				ONLY_ACTIVE_ARCH = YES;
				SDKROOT = macosx;
				SWIFT_ACTIVE_COMPILATION_CONDITIONS = DEBUG;
				SWIFT_OPTIMIZATION_LEVEL = "-Onone";
			};
			name = Debug;
		};
		D05B10B72258C28D00D6988B /* Release */ = {
			isa = XCBuildConfiguration;
			buildSettings = {
				ALWAYS_SEARCH_USER_PATHS = NO;
				CLANG_ANALYZER_NONNULL = YES;
				CLANG_ANALYZER_NUMBER_OBJECT_CONVERSION = YES_AGGRESSIVE;
				CLANG_CXX_LANGUAGE_STANDARD = "gnu++14";
				CLANG_CXX_LIBRARY = "libc++";
				CLANG_ENABLE_MODULES = YES;
				CLANG_ENABLE_OBJC_ARC = YES;
				CLANG_ENABLE_OBJC_WEAK = YES;
				CLANG_WARN_BLOCK_CAPTURE_AUTORELEASING = YES;
				CLANG_WARN_BOOL_CONVERSION = YES;
				CLANG_WARN_COMMA = YES;
				CLANG_WARN_CONSTANT_CONVERSION = YES;
				CLANG_WARN_DEPRECATED_OBJC_IMPLEMENTATIONS = YES;
				CLANG_WARN_DIRECT_OBJC_ISA_USAGE = YES_ERROR;
				CLANG_WARN_DOCUMENTATION_COMMENTS = YES;
				CLANG_WARN_EMPTY_BODY = YES;
				CLANG_WARN_ENUM_CONVERSION = YES;
				CLANG_WARN_INFINITE_RECURSION = YES;
				CLANG_WARN_INT_CONVERSION = YES;
				CLANG_WARN_NON_LITERAL_NULL_CONVERSION = YES;
				CLANG_WARN_OBJC_IMPLICIT_RETAIN_SELF = YES;
				CLANG_WARN_OBJC_LITERAL_CONVERSION = YES;
				CLANG_WARN_OBJC_ROOT_CLASS = YES_ERROR;
				CLANG_WARN_RANGE_LOOP_ANALYSIS = YES;
				CLANG_WARN_STRICT_PROTOTYPES = YES;
				CLANG_WARN_SUSPICIOUS_MOVE = YES;
				CLANG_WARN_UNGUARDED_AVAILABILITY = YES_AGGRESSIVE;
				CLANG_WARN_UNREACHABLE_CODE = YES;
				CLANG_WARN__DUPLICATE_METHOD_MATCH = YES;
				CODE_SIGN_IDENTITY = "-";
				COPY_PHASE_STRIP = NO;
				DEBUG_INFORMATION_FORMAT = "dwarf-with-dsym";
				ENABLE_NS_ASSERTIONS = NO;
				ENABLE_STRICT_OBJC_MSGSEND = YES;
				GCC_C_LANGUAGE_STANDARD = gnu11;
				GCC_NO_COMMON_BLOCKS = YES;
				GCC_WARN_64_TO_32_BIT_CONVERSION = YES;
				GCC_WARN_ABOUT_RETURN_TYPE = YES_ERROR;
				GCC_WARN_UNDECLARED_SELECTOR = YES;
				GCC_WARN_UNINITIALIZED_AUTOS = YES_AGGRESSIVE;
				GCC_WARN_UNUSED_FUNCTION = YES;
				GCC_WARN_UNUSED_VARIABLE = YES;
				MACOSX_DEPLOYMENT_TARGET = 10.14;
				MTL_ENABLE_DEBUG_INFO = NO;
				MTL_FAST_MATH = YES;
				SDKROOT = macosx;
				SWIFT_COMPILATION_MODE = wholemodule;
				SWIFT_OPTIMIZATION_LEVEL = "-O";
			};
			name = Release;
		};
		D05B10B92258C28D00D6988B /* Debug */ = {
			isa = XCBuildConfiguration;
			buildSettings = {
				ASSETCATALOG_COMPILER_APPICON_NAME = AppIcon;
				CODE_SIGN_ENTITLEMENTS = Meruru/Meruru.entitlements;
				CODE_SIGN_STYLE = Automatic;
				COMBINE_HIDPI_IMAGES = YES;
				FRAMEWORK_SEARCH_PATHS = (
					"$(inherited)",
					"$(PROJECT_DIR)/Carthage/Build/Mac",
				);
				INFOPLIST_FILE = Meruru/Info.plist;
				LD_RUNPATH_SEARCH_PATHS = (
					"$(inherited)",
					"@executable_path/../Frameworks",
				);
				PRODUCT_BUNDLE_IDENTIFIER = net.castaneai.Meruru;
				PRODUCT_NAME = "$(TARGET_NAME)";
				SWIFT_VERSION = 5.0;
			};
			name = Debug;
		};
		D05B10BA2258C28D00D6988B /* Release */ = {
			isa = XCBuildConfiguration;
			buildSettings = {
				ASSETCATALOG_COMPILER_APPICON_NAME = AppIcon;
				CODE_SIGN_ENTITLEMENTS = Meruru/Meruru.entitlements;
				CODE_SIGN_STYLE = Automatic;
				COMBINE_HIDPI_IMAGES = YES;
				FRAMEWORK_SEARCH_PATHS = (
					"$(inherited)",
					"$(PROJECT_DIR)/Carthage/Build/Mac",
				);
				INFOPLIST_FILE = Meruru/Info.plist;
				LD_RUNPATH_SEARCH_PATHS = (
					"$(inherited)",
					"@executable_path/../Frameworks",
				);
				PRODUCT_BUNDLE_IDENTIFIER = net.castaneai.Meruru;
				PRODUCT_NAME = "$(TARGET_NAME)";
				SWIFT_VERSION = 5.0;
			};
			name = Release;
		};
/* End XCBuildConfiguration section */

/* Begin XCConfigurationList section */
		D05B10A52258C28C00D6988B /* Build configuration list for PBXProject "Meruru" */ = {
			isa = XCConfigurationList;
			buildConfigurations = (
				D05B10B62258C28D00D6988B /* Debug */,
				D05B10B72258C28D00D6988B /* Release */,
			);
			defaultConfigurationIsVisible = 0;
			defaultConfigurationName = Release;
		};
		D05B10B82258C28D00D6988B /* Build configuration list for PBXNativeTarget "Meruru" */ = {
			isa = XCConfigurationList;
			buildConfigurations = (
				D05B10B92258C28D00D6988B /* Debug */,
				D05B10BA2258C28D00D6988B /* Release */,
			);
			defaultConfigurationIsVisible = 0;
			defaultConfigurationName = Release;
		};
/* End XCConfigurationList section */
	};
	rootObject = D05B10A22258C28C00D6988B /* Project object */;
}
